{
  "requires": true,
  "lockfileVersion": 1,
  "dependencies": {
    "eslint-plugin-chai-friendly": {
      "version": "0.7.1",
      "resolved": "https://registry.npmjs.org/eslint-plugin-chai-friendly/-/eslint-plugin-chai-friendly-0.7.1.tgz",
      "integrity": "sha512-0xhGiSQ+9oWtNc6IZPUR+6ChKbEvLXwT9oZZ5NcGlPzHVKGn1YKwQFj7a9yL3rnRKbWF7b3RkRYEP8kN6dPOwQ==",
      "dev": true
    }
  }
}
